{
  "requires": true,
  "lockfileVersion": 1,
  "dependencies": {
    "mongoose-autopopulate": {
      "version": "0.16.1",
      "resolved": "https://registry.npmjs.org/mongoose-autopopulate/-/mongoose-autopopulate-0.16.1.tgz",
      "integrity": "sha512-/wWogmjgAbry7E0u99E6ulwLc522ubQRNdbLdsSJEQ10DBFUOMOzNHMsNs0NhILps+vRm9xcqxSAsqav6APviQ=="
    }
  }
}
